
Microsoft Visual Studio Solution File, Format Version 12.00
# Visual Studio Version 17
VisualStudioVersion = 17.6.33815.320
MinimumVisualStudioVersion = 10.0.40219.1
Project("{FAE04EC0-301F-11D3-BF4B-00C04F79EFBC}") = "WebApiSnackMachine", "WebApiSnackMachine.csproj", "{8C26C4B8-6A1E-4C02-ABC8-DDBEAC1353E5}"
EndProject
Global
	GlobalSection(SolutionConfigurationPlatforms) = preSolution
		Debug|Any CPU = Debug|Any CPU
		Release|Any CPU = Release|Any CPU
	EndGlobalSection
	GlobalSection(ProjectConfigurationPlatforms) = postSolution
		{8C26C4B8-6A1E-4C02-ABC8-DDBEAC1353E5}.Debug|Any CPU.ActiveCfg = Debug|Any CPU
		{8C26C4B8-6A1E-4C02-ABC8-DDBEAC1353E5}.Debug|Any CPU.Build.0 = Debug|Any CPU
		{8C26C4B8-6A1E-4C02-ABC8-DDBEAC1353E5}.Release|Any CPU.ActiveCfg = Release|Any CPU
		{8C26C4B8-6A1E-4C02-ABC8-DDBEAC1353E5}.Release|Any CPU.Build.0 = Release|Any CPU
	EndGlobalSection
	GlobalSection(SolutionProperties) = preSolution
		HideSolutionNode = FALSE
	EndGlobalSection
	GlobalSection(ExtensibilityGlobals) = postSolution
		SolutionGuid = {6B4BFE21-C9E7-4EC5-AF00-F8B069376C6E}
	EndGlobalSection
EndGlobal
