
Microsoft Visual Studio Solution File, Format Version 12.00
# Visual Studio Version 17
VisualStudioVersion = 17.6.33815.320
MinimumVisualStudioVersion = 10.0.40219.1
Project("{FAE04EC0-301F-11D3-BF4B-00C04F79EFBC}") = "webApiSnack", "webApiSnack.csproj", "{D245FFBA-C3B5-4BD1-B4AC-42B06572EEE6}"
EndProject
Global
	GlobalSection(SolutionConfigurationPlatforms) = preSolution
		Debug|Any CPU = Debug|Any CPU
		Release|Any CPU = Release|Any CPU
	EndGlobalSection
	GlobalSection(ProjectConfigurationPlatforms) = postSolution
		{D245FFBA-C3B5-4BD1-B4AC-42B06572EEE6}.Debug|Any CPU.ActiveCfg = Debug|Any CPU
		{D245FFBA-C3B5-4BD1-B4AC-42B06572EEE6}.Debug|Any CPU.Build.0 = Debug|Any CPU
		{D245FFBA-C3B5-4BD1-B4AC-42B06572EEE6}.Release|Any CPU.ActiveCfg = Release|Any CPU
		{D245FFBA-C3B5-4BD1-B4AC-42B06572EEE6}.Release|Any CPU.Build.0 = Release|Any CPU
	EndGlobalSection
	GlobalSection(SolutionProperties) = preSolution
		HideSolutionNode = FALSE
	EndGlobalSection
	GlobalSection(ExtensibilityGlobals) = postSolution
		SolutionGuid = {73587845-61DB-439E-A8F6-95D869499348}
	EndGlobalSection
EndGlobal
