
Microsoft Visual Studio Solution File, Format Version 12.00
# Visual Studio Version 17
VisualStudioVersion = 17.6.33815.320
MinimumVisualStudioVersion = 10.0.40219.1
Project("{FAE04EC0-301F-11D3-BF4B-00C04F79EFBC}") = "WebApiRelationships - PG", "WebApiRelationships - PG.csproj", "{3426E601-B11D-4A31-9538-9DAA268B7A70}"
EndProject
Global
	GlobalSection(SolutionConfigurationPlatforms) = preSolution
		Debug|Any CPU = Debug|Any CPU
		Release|Any CPU = Release|Any CPU
	EndGlobalSection
	GlobalSection(ProjectConfigurationPlatforms) = postSolution
		{3426E601-B11D-4A31-9538-9DAA268B7A70}.Debug|Any CPU.ActiveCfg = Debug|Any CPU
		{3426E601-B11D-4A31-9538-9DAA268B7A70}.Debug|Any CPU.Build.0 = Debug|Any CPU
		{3426E601-B11D-4A31-9538-9DAA268B7A70}.Release|Any CPU.ActiveCfg = Release|Any CPU
		{3426E601-B11D-4A31-9538-9DAA268B7A70}.Release|Any CPU.Build.0 = Release|Any CPU
	EndGlobalSection
	GlobalSection(SolutionProperties) = preSolution
		HideSolutionNode = FALSE
	EndGlobalSection
	GlobalSection(ExtensibilityGlobals) = postSolution
		SolutionGuid = {EBD8FA8B-B68A-4528-8E59-351F05E8797B}
	EndGlobalSection
EndGlobal
