
Microsoft Visual Studio Solution File, Format Version 12.00
# Visual Studio Version 17
VisualStudioVersion = 17.5.33530.505
MinimumVisualStudioVersion = 10.0.40219.1
Project("{FAE04EC0-301F-11D3-BF4B-00C04F79EFBC}") = "exeFic05", "exeFic05.csproj", "{72CBBF2E-A7A9-4DB8-A7D4-B87475F62845}"
EndProject
Global
	GlobalSection(SolutionConfigurationPlatforms) = preSolution
		Debug|Any CPU = Debug|Any CPU
		Release|Any CPU = Release|Any CPU
	EndGlobalSection
	GlobalSection(ProjectConfigurationPlatforms) = postSolution
		{72CBBF2E-A7A9-4DB8-A7D4-B87475F62845}.Debug|Any CPU.ActiveCfg = Debug|Any CPU
		{72CBBF2E-A7A9-4DB8-A7D4-B87475F62845}.Debug|Any CPU.Build.0 = Debug|Any CPU
		{72CBBF2E-A7A9-4DB8-A7D4-B87475F62845}.Release|Any CPU.ActiveCfg = Release|Any CPU
		{72CBBF2E-A7A9-4DB8-A7D4-B87475F62845}.Release|Any CPU.Build.0 = Release|Any CPU
	EndGlobalSection
	GlobalSection(SolutionProperties) = preSolution
		HideSolutionNode = FALSE
	EndGlobalSection
	GlobalSection(ExtensibilityGlobals) = postSolution
		SolutionGuid = {934155A1-252B-4DA4-8B67-51A90225378B}
	EndGlobalSection
EndGlobal
