
Microsoft Visual Studio Solution File, Format Version 12.00
# Visual Studio Version 17
VisualStudioVersion = 17.5.33516.290
MinimumVisualStudioVersion = 10.0.40219.1
Project("{FAE04EC0-301F-11D3-BF4B-00C04F79EFBC}") = "HelloCS", "HelloCS.csproj", "{DC611945-5ACF-437C-80A6-36C6CD7F8E01}"
EndProject
Project("{FAE04EC0-301F-11D3-BF4B-00C04F79EFBC}") = "TopLevelProgram", "..\TopLevelProgram\TopLevelProgram.csproj", "{D79457BF-7AE7-4795-9A43-EC717B604A23}"
EndProject
Global
	GlobalSection(SolutionConfigurationPlatforms) = preSolution
		Debug|Any CPU = Debug|Any CPU
		Release|Any CPU = Release|Any CPU
	EndGlobalSection
	GlobalSection(ProjectConfigurationPlatforms) = postSolution
		{DC611945-5ACF-437C-80A6-36C6CD7F8E01}.Debug|Any CPU.ActiveCfg = Debug|Any CPU
		{DC611945-5ACF-437C-80A6-36C6CD7F8E01}.Debug|Any CPU.Build.0 = Debug|Any CPU
		{DC611945-5ACF-437C-80A6-36C6CD7F8E01}.Release|Any CPU.ActiveCfg = Release|Any CPU
		{DC611945-5ACF-437C-80A6-36C6CD7F8E01}.Release|Any CPU.Build.0 = Release|Any CPU
		{D79457BF-7AE7-4795-9A43-EC717B604A23}.Debug|Any CPU.ActiveCfg = Debug|Any CPU
		{D79457BF-7AE7-4795-9A43-EC717B604A23}.Debug|Any CPU.Build.0 = Debug|Any CPU
		{D79457BF-7AE7-4795-9A43-EC717B604A23}.Release|Any CPU.ActiveCfg = Release|Any CPU
		{D79457BF-7AE7-4795-9A43-EC717B604A23}.Release|Any CPU.Build.0 = Release|Any CPU
	EndGlobalSection
	GlobalSection(SolutionProperties) = preSolution
		HideSolutionNode = FALSE
	EndGlobalSection
	GlobalSection(ExtensibilityGlobals) = postSolution
		SolutionGuid = {F8701C7B-2AB8-467B-A6FF-718E8CAA9A01}
	EndGlobalSection
EndGlobal
