
Microsoft Visual Studio Solution File, Format Version 12.00
# Visual Studio Version 17
VisualStudioVersion = 17.6.33712.159
MinimumVisualStudioVersion = 10.0.40219.1
Project("{FAE04EC0-301F-11D3-BF4B-00C04F79EFBC}") = "libraryFuncoes", "libraryFuncoes\libraryFuncoes.csproj", "{E0DB5E5C-FC24-4F18-88CD-51C5B712A3A2}"
EndProject
Project("{FAE04EC0-301F-11D3-BF4B-00C04F79EFBC}") = "winFuncoes", "winFuncoes\winFuncoes.csproj", "{F302AD09-4BCC-4704-8077-E73D0D572108}"
EndProject
Global
	GlobalSection(SolutionConfigurationPlatforms) = preSolution
		Debug|Any CPU = Debug|Any CPU
		Release|Any CPU = Release|Any CPU
	EndGlobalSection
	GlobalSection(ProjectConfigurationPlatforms) = postSolution
		{E0DB5E5C-FC24-4F18-88CD-51C5B712A3A2}.Debug|Any CPU.ActiveCfg = Debug|Any CPU
		{E0DB5E5C-FC24-4F18-88CD-51C5B712A3A2}.Debug|Any CPU.Build.0 = Debug|Any CPU
		{E0DB5E5C-FC24-4F18-88CD-51C5B712A3A2}.Release|Any CPU.ActiveCfg = Release|Any CPU
		{E0DB5E5C-FC24-4F18-88CD-51C5B712A3A2}.Release|Any CPU.Build.0 = Release|Any CPU
		{F302AD09-4BCC-4704-8077-E73D0D572108}.Debug|Any CPU.ActiveCfg = Debug|Any CPU
		{F302AD09-4BCC-4704-8077-E73D0D572108}.Debug|Any CPU.Build.0 = Debug|Any CPU
		{F302AD09-4BCC-4704-8077-E73D0D572108}.Release|Any CPU.ActiveCfg = Release|Any CPU
		{F302AD09-4BCC-4704-8077-E73D0D572108}.Release|Any CPU.Build.0 = Release|Any CPU
	EndGlobalSection
	GlobalSection(SolutionProperties) = preSolution
		HideSolutionNode = FALSE
	EndGlobalSection
	GlobalSection(ExtensibilityGlobals) = postSolution
		SolutionGuid = {B59BEB8D-3D2F-48E4-8EC3-667185EA80B5}
	EndGlobalSection
EndGlobal
