
Microsoft Visual Studio Solution File, Format Version 12.00
# Visual Studio Version 17
VisualStudioVersion = 17.5.33516.290
MinimumVisualStudioVersion = 10.0.40219.1
Project("{9A19103F-16F7-4668-BE54-9A1E7A4F7556}") = "exe1", "exe1.csproj", "{4F1C9B71-709F-4B57-8228-45FC62E77019}"
EndProject
Project("{9A19103F-16F7-4668-BE54-9A1E7A4F7556}") = "exe 1_2 Sum_Pares", "..\exe 2 Sum_Pares\exe 1_2 Sum_Pares.csproj", "{0B8C7CA8-177F-4FA5-8224-4E900120D4CF}"
EndProject
Project("{9A19103F-16F7-4668-BE54-9A1E7A4F7556}") = "exe 1_4 inverter", "..\exe 3 decompor\exe 1_4 inverter.csproj", "{F781D0B3-5B74-49DC-9DE5-CA4C654D9F16}"
EndProject
Project("{9A19103F-16F7-4668-BE54-9A1E7A4F7556}") = "exe 1_3", "..\exe 1_3\exe 1_3.csproj", "{BB72E3DB-4750-4ABA-8EC7-1C835F0104FC}"
EndProject
Project("{9A19103F-16F7-4668-BE54-9A1E7A4F7556}") = "exe 2_1 Para_sum_avg", "..\exe 2_1 Para_sum_avg\exe 2_1 Para_sum_avg.csproj", "{4184D78A-8087-467A-948E-6F0695C7EF1B}"
EndProject
Project("{FAE04EC0-301F-11D3-BF4B-00C04F79EFBC}") = "exe 2_2", "..\exe 2_2\exe 2_2.csproj", "{062A4302-80D1-476D-9289-2F4367A6DC6E}"
EndProject
Project("{FAE04EC0-301F-11D3-BF4B-00C04F79EFBC}") = "exe 2_3", "..\exe 2_3\exe 2_3.csproj", "{53AAE27C-E826-4900-B97A-3CB90392BD3C}"
EndProject
Project("{FAE04EC0-301F-11D3-BF4B-00C04F79EFBC}") = "exe 2_4", "..\exe 2_4\exe 2_4.csproj", "{30A28438-481D-412C-BDC4-0CBB394D9A0B}"
EndProject
Project("{FAE04EC0-301F-11D3-BF4B-00C04F79EFBC}") = "exe 2_5", "..\exe 2_5\exe 2_5.csproj", "{7E7D9C07-6A2D-4AE6-8543-3F3B5ED3BAE2}"
EndProject
Project("{FAE04EC0-301F-11D3-BF4B-00C04F79EFBC}") = "exe 2_6", "..\exe 2_6\exe 2_6.csproj", "{C5978B40-3AB1-44D0-8FCF-7A3EAA730FD3}"
EndProject
Project("{FAE04EC0-301F-11D3-BF4B-00C04F79EFBC}") = "exe 2_7 Para_primo_composto", "..\exe 2_5 Para_primo_composto\exe 2_7 Para_primo_composto.csproj", "{0FE7AEB5-FBCA-4163-A105-FA008755D878}"
EndProject
Project("{FAE04EC0-301F-11D3-BF4B-00C04F79EFBC}") = "exe 2_8", "..\exe 2_8\exe 2_8.csproj", "{B6DC1C27-27BB-4A91-9C5F-A2566A82C1C2}"
EndProject
Global
	GlobalSection(SolutionConfigurationPlatforms) = preSolution
		Debug|Any CPU = Debug|Any CPU
		Release|Any CPU = Release|Any CPU
	EndGlobalSection
	GlobalSection(ProjectConfigurationPlatforms) = postSolution
		{4F1C9B71-709F-4B57-8228-45FC62E77019}.Debug|Any CPU.ActiveCfg = Debug|Any CPU
		{4F1C9B71-709F-4B57-8228-45FC62E77019}.Debug|Any CPU.Build.0 = Debug|Any CPU
		{4F1C9B71-709F-4B57-8228-45FC62E77019}.Release|Any CPU.ActiveCfg = Release|Any CPU
		{4F1C9B71-709F-4B57-8228-45FC62E77019}.Release|Any CPU.Build.0 = Release|Any CPU
		{0B8C7CA8-177F-4FA5-8224-4E900120D4CF}.Debug|Any CPU.ActiveCfg = Debug|Any CPU
		{0B8C7CA8-177F-4FA5-8224-4E900120D4CF}.Debug|Any CPU.Build.0 = Debug|Any CPU
		{0B8C7CA8-177F-4FA5-8224-4E900120D4CF}.Release|Any CPU.ActiveCfg = Release|Any CPU
		{0B8C7CA8-177F-4FA5-8224-4E900120D4CF}.Release|Any CPU.Build.0 = Release|Any CPU
		{F781D0B3-5B74-49DC-9DE5-CA4C654D9F16}.Debug|Any CPU.ActiveCfg = Debug|Any CPU
		{F781D0B3-5B74-49DC-9DE5-CA4C654D9F16}.Debug|Any CPU.Build.0 = Debug|Any CPU
		{F781D0B3-5B74-49DC-9DE5-CA4C654D9F16}.Release|Any CPU.ActiveCfg = Release|Any CPU
		{F781D0B3-5B74-49DC-9DE5-CA4C654D9F16}.Release|Any CPU.Build.0 = Release|Any CPU
		{BB72E3DB-4750-4ABA-8EC7-1C835F0104FC}.Debug|Any CPU.ActiveCfg = Debug|Any CPU
		{BB72E3DB-4750-4ABA-8EC7-1C835F0104FC}.Debug|Any CPU.Build.0 = Debug|Any CPU
		{BB72E3DB-4750-4ABA-8EC7-1C835F0104FC}.Release|Any CPU.ActiveCfg = Release|Any CPU
		{BB72E3DB-4750-4ABA-8EC7-1C835F0104FC}.Release|Any CPU.Build.0 = Release|Any CPU
		{4184D78A-8087-467A-948E-6F0695C7EF1B}.Debug|Any CPU.ActiveCfg = Debug|Any CPU
		{4184D78A-8087-467A-948E-6F0695C7EF1B}.Debug|Any CPU.Build.0 = Debug|Any CPU
		{4184D78A-8087-467A-948E-6F0695C7EF1B}.Release|Any CPU.ActiveCfg = Release|Any CPU
		{4184D78A-8087-467A-948E-6F0695C7EF1B}.Release|Any CPU.Build.0 = Release|Any CPU
		{062A4302-80D1-476D-9289-2F4367A6DC6E}.Debug|Any CPU.ActiveCfg = Debug|Any CPU
		{062A4302-80D1-476D-9289-2F4367A6DC6E}.Debug|Any CPU.Build.0 = Debug|Any CPU
		{062A4302-80D1-476D-9289-2F4367A6DC6E}.Release|Any CPU.ActiveCfg = Release|Any CPU
		{062A4302-80D1-476D-9289-2F4367A6DC6E}.Release|Any CPU.Build.0 = Release|Any CPU
		{53AAE27C-E826-4900-B97A-3CB90392BD3C}.Debug|Any CPU.ActiveCfg = Debug|Any CPU
		{53AAE27C-E826-4900-B97A-3CB90392BD3C}.Debug|Any CPU.Build.0 = Debug|Any CPU
		{53AAE27C-E826-4900-B97A-3CB90392BD3C}.Release|Any CPU.ActiveCfg = Release|Any CPU
		{53AAE27C-E826-4900-B97A-3CB90392BD3C}.Release|Any CPU.Build.0 = Release|Any CPU
		{30A28438-481D-412C-BDC4-0CBB394D9A0B}.Debug|Any CPU.ActiveCfg = Debug|Any CPU
		{30A28438-481D-412C-BDC4-0CBB394D9A0B}.Debug|Any CPU.Build.0 = Debug|Any CPU
		{30A28438-481D-412C-BDC4-0CBB394D9A0B}.Release|Any CPU.ActiveCfg = Release|Any CPU
		{30A28438-481D-412C-BDC4-0CBB394D9A0B}.Release|Any CPU.Build.0 = Release|Any CPU
		{7E7D9C07-6A2D-4AE6-8543-3F3B5ED3BAE2}.Debug|Any CPU.ActiveCfg = Debug|Any CPU
		{7E7D9C07-6A2D-4AE6-8543-3F3B5ED3BAE2}.Debug|Any CPU.Build.0 = Debug|Any CPU
		{7E7D9C07-6A2D-4AE6-8543-3F3B5ED3BAE2}.Release|Any CPU.ActiveCfg = Release|Any CPU
		{7E7D9C07-6A2D-4AE6-8543-3F3B5ED3BAE2}.Release|Any CPU.Build.0 = Release|Any CPU
		{C5978B40-3AB1-44D0-8FCF-7A3EAA730FD3}.Debug|Any CPU.ActiveCfg = Debug|Any CPU
		{C5978B40-3AB1-44D0-8FCF-7A3EAA730FD3}.Debug|Any CPU.Build.0 = Debug|Any CPU
		{C5978B40-3AB1-44D0-8FCF-7A3EAA730FD3}.Release|Any CPU.ActiveCfg = Release|Any CPU
		{C5978B40-3AB1-44D0-8FCF-7A3EAA730FD3}.Release|Any CPU.Build.0 = Release|Any CPU
		{0FE7AEB5-FBCA-4163-A105-FA008755D878}.Debug|Any CPU.ActiveCfg = Debug|Any CPU
		{0FE7AEB5-FBCA-4163-A105-FA008755D878}.Debug|Any CPU.Build.0 = Debug|Any CPU
		{0FE7AEB5-FBCA-4163-A105-FA008755D878}.Release|Any CPU.ActiveCfg = Release|Any CPU
		{0FE7AEB5-FBCA-4163-A105-FA008755D878}.Release|Any CPU.Build.0 = Release|Any CPU
		{B6DC1C27-27BB-4A91-9C5F-A2566A82C1C2}.Debug|Any CPU.ActiveCfg = Debug|Any CPU
		{B6DC1C27-27BB-4A91-9C5F-A2566A82C1C2}.Debug|Any CPU.Build.0 = Debug|Any CPU
		{B6DC1C27-27BB-4A91-9C5F-A2566A82C1C2}.Release|Any CPU.ActiveCfg = Release|Any CPU
		{B6DC1C27-27BB-4A91-9C5F-A2566A82C1C2}.Release|Any CPU.Build.0 = Release|Any CPU
	EndGlobalSection
	GlobalSection(SolutionProperties) = preSolution
		HideSolutionNode = FALSE
	EndGlobalSection
	GlobalSection(ExtensibilityGlobals) = postSolution
		SolutionGuid = {67508346-3202-4046-9261-28F905D208D8}
	EndGlobalSection
EndGlobal
