
Microsoft Visual Studio Solution File, Format Version 12.00
# Visual Studio Version 17
VisualStudioVersion = 17.6.33712.159
MinimumVisualStudioVersion = 10.0.40219.1
Project("{FAE04EC0-301F-11D3-BF4B-00C04F79EFBC}") = "c_08_opp_heranca", "c_08_opp_heranca.csproj", "{766242A2-9D4F-4368-89DD-51613CF1422F}"
EndProject
Global
	GlobalSection(SolutionConfigurationPlatforms) = preSolution
		Debug|Any CPU = Debug|Any CPU
		Release|Any CPU = Release|Any CPU
	EndGlobalSection
	GlobalSection(ProjectConfigurationPlatforms) = postSolution
		{766242A2-9D4F-4368-89DD-51613CF1422F}.Debug|Any CPU.ActiveCfg = Debug|Any CPU
		{766242A2-9D4F-4368-89DD-51613CF1422F}.Debug|Any CPU.Build.0 = Debug|Any CPU
		{766242A2-9D4F-4368-89DD-51613CF1422F}.Release|Any CPU.ActiveCfg = Release|Any CPU
		{766242A2-9D4F-4368-89DD-51613CF1422F}.Release|Any CPU.Build.0 = Release|Any CPU
	EndGlobalSection
	GlobalSection(SolutionProperties) = preSolution
		HideSolutionNode = FALSE
	EndGlobalSection
	GlobalSection(ExtensibilityGlobals) = postSolution
		SolutionGuid = {AE9BFAE7-E487-4D21-8C2B-327C217AF746}
	EndGlobalSection
EndGlobal
