
Microsoft Visual Studio Solution File, Format Version 12.00
# Visual Studio Version 17
VisualStudioVersion = 17.6.33723.286
MinimumVisualStudioVersion = 10.0.40219.1
Project("{FAE04EC0-301F-11D3-BF4B-00C04F79EFBC}") = "c_09_cidades", "c_09_cidades\c_09_cidades.csproj", "{8B5AACD1-5BF5-45CB-983A-82CECA1B4ED9}"
EndProject
Global
	GlobalSection(SolutionConfigurationPlatforms) = preSolution
		Debug|Any CPU = Debug|Any CPU
		Release|Any CPU = Release|Any CPU
	EndGlobalSection
	GlobalSection(ProjectConfigurationPlatforms) = postSolution
		{8B5AACD1-5BF5-45CB-983A-82CECA1B4ED9}.Debug|Any CPU.ActiveCfg = Debug|Any CPU
		{8B5AACD1-5BF5-45CB-983A-82CECA1B4ED9}.Debug|Any CPU.Build.0 = Debug|Any CPU
		{8B5AACD1-5BF5-45CB-983A-82CECA1B4ED9}.Release|Any CPU.ActiveCfg = Release|Any CPU
		{8B5AACD1-5BF5-45CB-983A-82CECA1B4ED9}.Release|Any CPU.Build.0 = Release|Any CPU
	EndGlobalSection
	GlobalSection(SolutionProperties) = preSolution
		HideSolutionNode = FALSE
	EndGlobalSection
	GlobalSection(ExtensibilityGlobals) = postSolution
		SolutionGuid = {02787280-A38B-4E00-8F39-E1A61D82DEDD}
	EndGlobalSection
EndGlobal
