
Microsoft Visual Studio Solution File, Format Version 12.00
# Visual Studio Version 17
VisualStudioVersion = 17.5.33516.290
MinimumVisualStudioVersion = 10.0.40219.1
Project("{FAE04EC0-301F-11D3-BF4B-00C04F79EFBC}") = "exe3.1", "exe3.1.csproj", "{C5C358E3-BCC4-4846-B4FF-304FC49537FA}"
EndProject
Project("{FAE04EC0-301F-11D3-BF4B-00C04F79EFBC}") = "exe 3.2", "..\exe 3.2\exe 3.2.csproj", "{74F8C5C4-A83E-4212-A6E2-EFAC0DB2E861}"
EndProject
Project("{FAE04EC0-301F-11D3-BF4B-00C04F79EFBC}") = "exe 3.3", "..\exe 3.3\exe 3.3.csproj", "{74421198-7E6F-4657-8A49-E11F8BA894DA}"
EndProject
Project("{FAE04EC0-301F-11D3-BF4B-00C04F79EFBC}") = "exe 4.1", "..\exe 4.1\exe 4.1.csproj", "{55A28495-F164-4B8A-9184-7F55E1B572E3}"
EndProject
Project("{FAE04EC0-301F-11D3-BF4B-00C04F79EFBC}") = "exe 4.2", "..\exe 4.2\exe 4.2.csproj", "{BA179142-2C75-4F15-A9FF-56A81305454C}"
EndProject
Project("{FAE04EC0-301F-11D3-BF4B-00C04F79EFBC}") = "exe 5.1", "..\exe 5.1\exe 5.1.csproj", "{EEF7DFA8-C0E9-4DB2-A2CA-008B52841092}"
EndProject
Project("{FAE04EC0-301F-11D3-BF4B-00C04F79EFBC}") = "exe 5.2", "..\exe 5.2\exe 5.2.csproj", "{8A80589B-A8B4-4563-94A4-D2530D0DD822}"
EndProject
Project("{FAE04EC0-301F-11D3-BF4B-00C04F79EFBC}") = "exe 6.1", "..\exe 6.1\exe 6.1.csproj", "{B7220EAA-6D6A-46B7-9C10-E79D3612AAB6}"
EndProject
Project("{FAE04EC0-301F-11D3-BF4B-00C04F79EFBC}") = "exe 6.2", "..\exe 6.2\exe 6.2.csproj", "{43839D54-EBE4-47B3-9C74-29E886FB8BA8}"
EndProject
Project("{FAE04EC0-301F-11D3-BF4B-00C04F79EFBC}") = "exe 6.3 IMC", "..\exe 6.2 IMC\exe 6.3 IMC.csproj", "{C2DABCD1-8127-42FF-9544-9B05DACD23D2}"
EndProject
Project("{FAE04EC0-301F-11D3-BF4B-00C04F79EFBC}") = "exe 6.4 sub_div_adic_multi", "..\exe 6.4 sub_div_adic_multi\exe 6.4 sub_div_adic_multi.csproj", "{BF0958B0-D79D-4764-B4EC-8AE678EDDBC1}"
EndProject
Project("{FAE04EC0-301F-11D3-BF4B-00C04F79EFBC}") = "exe 6.5 menor", "..\exe 6.5 menor\exe 6.5 menor.csproj", "{7B57C12F-5EBC-44F6-AAF3-C9861C919AE0}"
EndProject
Global
	GlobalSection(SolutionConfigurationPlatforms) = preSolution
		Debug|Any CPU = Debug|Any CPU
		Release|Any CPU = Release|Any CPU
	EndGlobalSection
	GlobalSection(ProjectConfigurationPlatforms) = postSolution
		{C5C358E3-BCC4-4846-B4FF-304FC49537FA}.Debug|Any CPU.ActiveCfg = Debug|Any CPU
		{C5C358E3-BCC4-4846-B4FF-304FC49537FA}.Debug|Any CPU.Build.0 = Debug|Any CPU
		{C5C358E3-BCC4-4846-B4FF-304FC49537FA}.Release|Any CPU.ActiveCfg = Release|Any CPU
		{C5C358E3-BCC4-4846-B4FF-304FC49537FA}.Release|Any CPU.Build.0 = Release|Any CPU
		{74F8C5C4-A83E-4212-A6E2-EFAC0DB2E861}.Debug|Any CPU.ActiveCfg = Debug|Any CPU
		{74F8C5C4-A83E-4212-A6E2-EFAC0DB2E861}.Debug|Any CPU.Build.0 = Debug|Any CPU
		{74F8C5C4-A83E-4212-A6E2-EFAC0DB2E861}.Release|Any CPU.ActiveCfg = Release|Any CPU
		{74F8C5C4-A83E-4212-A6E2-EFAC0DB2E861}.Release|Any CPU.Build.0 = Release|Any CPU
		{74421198-7E6F-4657-8A49-E11F8BA894DA}.Debug|Any CPU.ActiveCfg = Debug|Any CPU
		{74421198-7E6F-4657-8A49-E11F8BA894DA}.Debug|Any CPU.Build.0 = Debug|Any CPU
		{74421198-7E6F-4657-8A49-E11F8BA894DA}.Release|Any CPU.ActiveCfg = Release|Any CPU
		{74421198-7E6F-4657-8A49-E11F8BA894DA}.Release|Any CPU.Build.0 = Release|Any CPU
		{55A28495-F164-4B8A-9184-7F55E1B572E3}.Debug|Any CPU.ActiveCfg = Debug|Any CPU
		{55A28495-F164-4B8A-9184-7F55E1B572E3}.Debug|Any CPU.Build.0 = Debug|Any CPU
		{55A28495-F164-4B8A-9184-7F55E1B572E3}.Release|Any CPU.ActiveCfg = Release|Any CPU
		{55A28495-F164-4B8A-9184-7F55E1B572E3}.Release|Any CPU.Build.0 = Release|Any CPU
		{BA179142-2C75-4F15-A9FF-56A81305454C}.Debug|Any CPU.ActiveCfg = Debug|Any CPU
		{BA179142-2C75-4F15-A9FF-56A81305454C}.Debug|Any CPU.Build.0 = Debug|Any CPU
		{BA179142-2C75-4F15-A9FF-56A81305454C}.Release|Any CPU.ActiveCfg = Release|Any CPU
		{BA179142-2C75-4F15-A9FF-56A81305454C}.Release|Any CPU.Build.0 = Release|Any CPU
		{EEF7DFA8-C0E9-4DB2-A2CA-008B52841092}.Debug|Any CPU.ActiveCfg = Debug|Any CPU
		{EEF7DFA8-C0E9-4DB2-A2CA-008B52841092}.Debug|Any CPU.Build.0 = Debug|Any CPU
		{EEF7DFA8-C0E9-4DB2-A2CA-008B52841092}.Release|Any CPU.ActiveCfg = Release|Any CPU
		{EEF7DFA8-C0E9-4DB2-A2CA-008B52841092}.Release|Any CPU.Build.0 = Release|Any CPU
		{8A80589B-A8B4-4563-94A4-D2530D0DD822}.Debug|Any CPU.ActiveCfg = Debug|Any CPU
		{8A80589B-A8B4-4563-94A4-D2530D0DD822}.Debug|Any CPU.Build.0 = Debug|Any CPU
		{8A80589B-A8B4-4563-94A4-D2530D0DD822}.Release|Any CPU.ActiveCfg = Release|Any CPU
		{8A80589B-A8B4-4563-94A4-D2530D0DD822}.Release|Any CPU.Build.0 = Release|Any CPU
		{B7220EAA-6D6A-46B7-9C10-E79D3612AAB6}.Debug|Any CPU.ActiveCfg = Debug|Any CPU
		{B7220EAA-6D6A-46B7-9C10-E79D3612AAB6}.Debug|Any CPU.Build.0 = Debug|Any CPU
		{B7220EAA-6D6A-46B7-9C10-E79D3612AAB6}.Release|Any CPU.ActiveCfg = Release|Any CPU
		{B7220EAA-6D6A-46B7-9C10-E79D3612AAB6}.Release|Any CPU.Build.0 = Release|Any CPU
		{43839D54-EBE4-47B3-9C74-29E886FB8BA8}.Debug|Any CPU.ActiveCfg = Debug|Any CPU
		{43839D54-EBE4-47B3-9C74-29E886FB8BA8}.Debug|Any CPU.Build.0 = Debug|Any CPU
		{43839D54-EBE4-47B3-9C74-29E886FB8BA8}.Release|Any CPU.ActiveCfg = Release|Any CPU
		{43839D54-EBE4-47B3-9C74-29E886FB8BA8}.Release|Any CPU.Build.0 = Release|Any CPU
		{C2DABCD1-8127-42FF-9544-9B05DACD23D2}.Debug|Any CPU.ActiveCfg = Debug|Any CPU
		{C2DABCD1-8127-42FF-9544-9B05DACD23D2}.Debug|Any CPU.Build.0 = Debug|Any CPU
		{C2DABCD1-8127-42FF-9544-9B05DACD23D2}.Release|Any CPU.ActiveCfg = Release|Any CPU
		{C2DABCD1-8127-42FF-9544-9B05DACD23D2}.Release|Any CPU.Build.0 = Release|Any CPU
		{BF0958B0-D79D-4764-B4EC-8AE678EDDBC1}.Debug|Any CPU.ActiveCfg = Debug|Any CPU
		{BF0958B0-D79D-4764-B4EC-8AE678EDDBC1}.Debug|Any CPU.Build.0 = Debug|Any CPU
		{BF0958B0-D79D-4764-B4EC-8AE678EDDBC1}.Release|Any CPU.ActiveCfg = Release|Any CPU
		{BF0958B0-D79D-4764-B4EC-8AE678EDDBC1}.Release|Any CPU.Build.0 = Release|Any CPU
		{7B57C12F-5EBC-44F6-AAF3-C9861C919AE0}.Debug|Any CPU.ActiveCfg = Debug|Any CPU
		{7B57C12F-5EBC-44F6-AAF3-C9861C919AE0}.Debug|Any CPU.Build.0 = Debug|Any CPU
		{7B57C12F-5EBC-44F6-AAF3-C9861C919AE0}.Release|Any CPU.ActiveCfg = Release|Any CPU
		{7B57C12F-5EBC-44F6-AAF3-C9861C919AE0}.Release|Any CPU.Build.0 = Release|Any CPU
	EndGlobalSection
	GlobalSection(SolutionProperties) = preSolution
		HideSolutionNode = FALSE
	EndGlobalSection
	GlobalSection(ExtensibilityGlobals) = postSolution
		SolutionGuid = {7BC712CD-9C1F-4A84-9338-382A35090FBB}
	EndGlobalSection
EndGlobal
