
Microsoft Visual Studio Solution File, Format Version 12.00
# Visual Studio Version 17
VisualStudioVersion = 17.5.33516.290
MinimumVisualStudioVersion = 10.0.40219.1
Project("{FAE04EC0-301F-11D3-BF4B-00C04F79EFBC}") = "Chapter 02", "Chapter 02.csproj", "{6F269B05-F771-4557-93BE-4F6859D1CB96}"
EndProject
Global
	GlobalSection(SolutionConfigurationPlatforms) = preSolution
		Debug|Any CPU = Debug|Any CPU
		Release|Any CPU = Release|Any CPU
	EndGlobalSection
	GlobalSection(ProjectConfigurationPlatforms) = postSolution
		{6F269B05-F771-4557-93BE-4F6859D1CB96}.Debug|Any CPU.ActiveCfg = Debug|Any CPU
		{6F269B05-F771-4557-93BE-4F6859D1CB96}.Debug|Any CPU.Build.0 = Debug|Any CPU
		{6F269B05-F771-4557-93BE-4F6859D1CB96}.Release|Any CPU.ActiveCfg = Release|Any CPU
		{6F269B05-F771-4557-93BE-4F6859D1CB96}.Release|Any CPU.Build.0 = Release|Any CPU
	EndGlobalSection
	GlobalSection(SolutionProperties) = preSolution
		HideSolutionNode = FALSE
	EndGlobalSection
	GlobalSection(ExtensibilityGlobals) = postSolution
		SolutionGuid = {0FCAEB57-688E-462E-96B7-F4E43BEC26EC}
	EndGlobalSection
EndGlobal
